# This file is generated by running "yarn install" inside your project.
# Manual changes might be lost - proceed with caution!

__metadata:
  version: 6
  cacheKey: 8

"@types/node@npm:*":
  version: 20.14.0
  resolution: "@types/node@npm:20.14.0"
  dependencies:
    undici-types: ~5.26.4
  checksum: b62383ea004deb1b40c0612f373eaf02247381b65a90f7957dc3034dda9b5622ab61b7afafa82f67909667a5cf9ea43a0643b2a78ea295dac8b77e75e11470d7
  languageName: node
  linkType: hard

"@types/node@npm:^17.0.5":
  version: 17.0.45
  resolution: "@types/node@npm:17.0.45"
  checksum: aa04366b9103b7d6cfd6b2ef64182e0eaa7d4462c3f817618486ea0422984c51fc69fd0d436eae6c9e696ddfdbec9ccaa27a917f7c2e8c75c5d57827fe3d95e8
  languageName: node
  linkType: hard

"@types/sax@npm:^1.2.1":
  version: 1.2.7
  resolution: "@types/sax@npm:1.2.7"
  dependencies:
    "@types/node": "*"
  checksum: 7ece5fbb5d9c8fc76ab0de2f99d705edf92f18e701d4f9d9b0647275e32eb65e656c1badf9dfaa12f4e1ff3e250561c8c9cfe79e8b5f33dd1417ac0f1804f6cc
  languageName: node
  linkType: hard

"arg@npm:^5.0.0":
  version: 5.0.2
  resolution: "arg@npm:5.0.2"
  checksum: 6c69ada1a9943d332d9e5382393e897c500908d91d5cb735a01120d5f71daf1b339b7b8980cbeaba8fd1afc68e658a739746179e4315a26e8a28951ff9930078
  languageName: node
  linkType: hard

"sax@npm:^1.2.4":
  version: 1.4.1
  resolution: "sax@npm:1.4.1"
  checksum: 3ad64df16b743f0f2eb7c38ced9692a6d924f1cd07bbe45c39576c2cf50de8290d9d04e7b2228f924c7d05fecc4ec5cf651423278e0c7b63d260c387ef3af84a
  languageName: node
  linkType: hard

"sitemap-from-routes@workspace:.":
  version: 0.0.0-use.local
  resolution: "sitemap-from-routes@workspace:."
  dependencies:
    sitemap: ^8.0.0
    typescript: ^5.4.5
  languageName: unknown
  linkType: soft

"sitemap@npm:^8.0.0":
  version: 8.0.0
  resolution: "sitemap@npm:8.0.0"
  dependencies:
    "@types/node": ^17.0.5
    "@types/sax": ^1.2.1
    arg: ^5.0.0
    sax: ^1.2.4
  bin:
    sitemap: dist/cli.js
  checksum: 1867d86a8948acdf1ca2ffee06d43eab4317dbfb40f62a7ce122ffa9526fea5adb5ad58d2389e0f6fab24dac65ff7a8136c35a1bbf16a0e161d11e5a58fc280e
  languageName: node
  linkType: hard

"typescript@npm:^5.4.5":
  version: 5.4.5
  resolution: "typescript@npm:5.4.5"
  bin:
    tsc: bin/tsc
    tsserver: bin/tsserver
  checksum: 53c879c6fa1e3bcb194b274d4501ba1985894b2c2692fa079db03c5a5a7140587a1e04e1ba03184605d35f439b40192d9e138eb3279ca8eee313c081c8bcd9b0
  languageName: node
  linkType: hard

"typescript@patch:typescript@^5.4.5#~builtin<compat/typescript>":
  version: 5.4.5
  resolution: "typescript@patch:typescript@npm%3A5.4.5#~builtin<compat/typescript>::version=5.4.5&hash=14eedb"
  bin:
    tsc: bin/tsc
    tsserver: bin/tsserver
  checksum: 2373c693f3b328f3b2387c3efafe6d257b057a142f9a79291854b14ff4d5367d3d730810aee981726b677ae0fd8329b23309da3b6aaab8263dbdccf1da07a3ba
  languageName: node
  linkType: hard

"undici-types@npm:~5.26.4":
  version: 5.26.5
  resolution: "undici-types@npm:5.26.5"
  checksum: 3192ef6f3fd5df652f2dc1cd782b49d6ff14dc98e5dced492aa8a8c65425227da5da6aafe22523c67f035a272c599bb89cfe803c1db6311e44bed3042fc25487
  languageName: node
  linkType: hard
